
Microsoft Visual Studio Solution File, Format Version 12.00
# Visual Studio 11
Project("{FAE04EC0-301F-11D3-BF4B-00C04F79EFBC}") = "Tower Defense", "Tower Defense\Tower Defense.csproj", "{7627A373-B1FA-4C9B-B543-2D1B3867B85B}"
EndProject
Project("{2150E333-8FDC-42A3-9474-1A3956D46DE8}") = "Solution Items", "Solution Items", "{727CAAE5-7A63-4226-B2C7-5340C519D482}"
	ProjectSection(SolutionItems) = preProject
		Performance1.psess = Performance1.psess
	EndProjectSection
EndProject
Global
	GlobalSection(SolutionConfigurationPlatforms) = preSolution
		Debug|Any CPU = Debug|Any CPU
		Release|Any CPU = Release|Any CPU
	EndGlobalSection
	GlobalSection(ProjectConfigurationPlatforms) = postSolution
		{7627A373-B1FA-4C9B-B543-2D1B3867B85B}.Debug|Any CPU.ActiveCfg = Debug|Any CPU
		{7627A373-B1FA-4C9B-B543-2D1B3867B85B}.Debug|Any CPU.Build.0 = Debug|Any CPU
		{7627A373-B1FA-4C9B-B543-2D1B3867B85B}.Release|Any CPU.ActiveCfg = Release|Any CPU
		{7627A373-B1FA-4C9B-B543-2D1B3867B85B}.Release|Any CPU.Build.0 = Release|Any CPU
	EndGlobalSection
	GlobalSection(SolutionProperties) = preSolution
		HideSolutionNode = FALSE
	EndGlobalSection
	GlobalSection(Performance) = preSolution
		HasPerformanceSessions = true
	EndGlobalSection
EndGlobal
